// !$*UTF8*$!
{
	archiveVersion = 1;
	classes = {
	};
	objectVersion = 48;
	objects = {

/* Begin PBXBuildFile section */
		DAB0ACE51F8F8DC4009A3990 /* AppDelegate.m in Sources */ = {isa = PBXBuildFile; fileRef = DAB0ACE41F8F8DC4009A3990 /* AppDelegate.m */; };
		DAB0ACE81F8F8DC4009A3990 /* ViewController.m in Sources */ = {isa = PBXBuildFile; fileRef = DAB0ACE71F8F8DC4009A3990 /* ViewController.m */; };
		DAB0ACEB1F8F8DC4009A3990 /* Main.storyboard in Resources */ = {isa = PBXBuildFile; fileRef = DAB0ACE91F8F8DC4009A3990 /* Main.storyboard */; };
		DAB0ACED1F8F8DC4009A3990 /* Assets.xcassets in Resources */ = {isa = PBXBuildFile; fileRef = DAB0ACEC1F8F8DC4009A3990 /* Assets.xcassets */; };
		DAB0ACF01F8F8DC4009A3990 /* LaunchScreen.storyboard in Resources */ = {isa = PBXBuildFile; fileRef = DAB0ACEE1F8F8DC4009A3990 /* LaunchScreen.storyboard */; };
		DAB0ACF31F8F8DC4009A3990 /* main.m in Sources */ = {isa = PBXBuildFile; fileRef = DAB0ACF21F8F8DC4009A3990 /* main.m */; };
		DAB0ACFF1F8F8E97009A3990 /* ZZDevice.m in Sources */ = {isa = PBXBuildFile; fileRef = DAB0ACFE1F8F8E97009A3990 /* ZZDevice.m */; };
/* End PBXBuildFile section */

/* Begin PBXFileReference section */
		DAB0ACE01F8F8DC4009A3990 /* iOSVersionManager.app */ = {isa = PBXFileReference; explicitFileType = wrapper.application; includeInIndex = 0; path = iOSVersionManager.app; sourceTree = BUILT_PRODUCTS_DIR; };
		DAB0ACE31F8F8DC4009A3990 /* AppDelegate.h */ = {isa = PBXFileReference; lastKnownFileType = sourcecode.c.h; path = AppDelegate.h; sourceTree = "<group>"; };
		DAB0ACE41F8F8DC4009A3990 /* AppDelegate.m */ = {isa = PBXFileReference; lastKnownFileType = sourcecode.c.objc; path = AppDelegate.m; sourceTree = "<group>"; };
		DAB0ACE61F8F8DC4009A3990 /* ViewController.h */ = {isa = PBXFileReference; lastKnownFileType = sourcecode.c.h; path = ViewController.h; sourceTree = "<group>"; };
		DAB0ACE71F8F8DC4009A3990 /* ViewController.m */ = {isa = PBXFileReference; lastKnownFileType = sourcecode.c.objc; path = ViewController.m; sourceTree = "<group>"; };
		DAB0ACEA1F8F8DC4009A3990 /* Base */ = {isa = PBXFileReference; lastKnownFileType = file.storyboard; name = Base; path = Base.lproj/Main.storyboard; sourceTree = "<group>"; };
		DAB0ACEC1F8F8DC4009A3990 /* Assets.xcassets */ = {isa = PBXFileReference; lastKnownFileType = folder.assetcatalog; path = Assets.xcassets; sourceTree = "<group>"; };
		DAB0ACEF1F8F8DC4009A3990 /* Base */ = {isa = PBXFileReference; lastKnownFileType = file.storyboard; name = Base; path = Base.lproj/LaunchScreen.storyboard; sourceTree = "<group>"; };
		DAB0ACF11F8F8DC4009A3990 /* Info.plist */ = {isa = PBXFileReference; lastKnownFileType = text.plist.xml; path = Info.plist; sourceTree = "<group>"; };
		DAB0ACF21F8F8DC4009A3990 /* main.m */ = {isa = PBXFileReference; lastKnownFileType = sourcecode.c.objc; path = main.m; sourceTree = "<group>"; };
		DAB0ACFD1F8F8E97009A3990 /* ZZDevice.h */ = {isa = PBXFileReference; lastKnownFileType = sourcecode.c.h; path = ZZDevice.h; sourceTree = "<group>"; };
		DAB0ACFE1F8F8E97009A3990 /* ZZDevice.m */ = {isa = PBXFileReference; lastKnownFileType = sourcecode.c.objc; path = ZZDevice.m; sourceTree = "<group>"; };
/* End PBXFileReference section */

/* Begin PBXFrameworksBuildPhase section */
		DAB0ACDD1F8F8DC4009A3990 /* Frameworks */ = {
			isa = PBXFrameworksBuildPhase;
			buildActionMask = 2147483647;
			files = (
			);
			runOnlyForDeploymentPostprocessing = 0;
		};
/* End PBXFrameworksBuildPhase section */

/* Begin PBXGroup section */
		DAB0ACD71F8F8DC4009A3990 = {
			isa = PBXGroup;
			children = (
				DAB0ACE21F8F8DC4009A3990 /* iOSVersionManager */,
				DAB0ACE11F8F8DC4009A3990 /* Products */,
			);
			sourceTree = "<group>";
		};
		DAB0ACE11F8F8DC4009A3990 /* Products */ = {
			isa = PBXGroup;
			children = (
				DAB0ACE01F8F8DC4009A3990 /* iOSVersionManager.app */,
			);
			name = Products;
			sourceTree = "<group>";
		};
		DAB0ACE21F8F8DC4009A3990 /* iOSVersionManager */ = {
			isa = PBXGroup;
			children = (
				DAB0ACE31F8F8DC4009A3990 /* AppDelegate.h */,
				DAB0ACE41F8F8DC4009A3990 /* AppDelegate.m */,
				DAB0ACE61F8F8DC4009A3990 /* ViewController.h */,
				DAB0ACE71F8F8DC4009A3990 /* ViewController.m */,
				DAB0AD001F8F8EB8009A3990 /* ZZDevice */,
				DAB0ACE91F8F8DC4009A3990 /* Main.storyboard */,
				DAB0ACEC1F8F8DC4009A3990 /* Assets.xcassets */,
				DAB0ACEE1F8F8DC4009A3990 /* LaunchScreen.storyboard */,
				DAB0ACF11F8F8DC4009A3990 /* Info.plist */,
				DAB0ACF21F8F8DC4009A3990 /* main.m */,
			);
			path = iOSVersionManager;
			sourceTree = "<group>";
		};
		DAB0AD001F8F8EB8009A3990 /* ZZDevice */ = {
			isa = PBXGroup;
			children = (
				DAB0ACFD1F8F8E97009A3990 /* ZZDevice.h */,
				DAB0ACFE1F8F8E97009A3990 /* ZZDevice.m */,
			);
			path = ZZDevice;
			sourceTree = "<group>";
		};
/* End PBXGroup section */

/* Begin PBXNativeTarget section */
		DAB0ACDF1F8F8DC4009A3990 /* iOSVersionManager */ = {
			isa = PBXNativeTarget;
			buildConfigurationList = DAB0ACF61F8F8DC4009A3990 /* Build configuration list for PBXNativeTarget "iOSVersionManager" */;
			buildPhases = (
				DAB0ACDC1F8F8DC4009A3990 /* Sources */,
				DAB0ACDD1F8F8DC4009A3990 /* Frameworks */,
				DAB0ACDE1F8F8DC4009A3990 /* Resources */,
			);
			buildRules = (
			);
			dependencies = (
			);
			name = iOSVersionManager;
			productName = iOSVersionManager;
			productReference = DAB0ACE01F8F8DC4009A3990 /* iOSVersionManager.app */;
			productType = "com.apple.product-type.application";
		};
/* End PBXNativeTarget section */

/* Begin PBXProject section */
		DAB0ACD81F8F8DC4009A3990 /* Project object */ = {
			isa = PBXProject;
			attributes = {
				LastUpgradeCheck = 0900;
				ORGANIZATIONNAME = "liuxing8807@126.com";
				TargetAttributes = {
					DAB0ACDF1F8F8DC4009A3990 = {
						CreatedOnToolsVersion = 9.0;
						ProvisioningStyle = Automatic;
					};
				};
			};
			buildConfigurationList = DAB0ACDB1F8F8DC4009A3990 /* Build configuration list for PBXProject "iOSVersionManager" */;
			compatibilityVersion = "Xcode 8.0";
			developmentRegion = en;
			hasScannedForEncodings = 0;
			knownRegions = (
				en,
				Base,
			);
			mainGroup = DAB0ACD71F8F8DC4009A3990;
			productRefGroup = DAB0ACE11F8F8DC4009A3990 /* Products */;
			projectDirPath = "";
			projectRoot = "";
			targets = (
				DAB0ACDF1F8F8DC4009A3990 /* iOSVersionManager */,
			);
		};
/* End PBXProject section */

/* Begin PBXResourcesBuildPhase section */
		DAB0ACDE1F8F8DC4009A3990 /* Resources */ = {
			isa = PBXResourcesBuildPhase;
			buildActionMask = 2147483647;
			files = (
				DAB0ACF01F8F8DC4009A3990 /* LaunchScreen.storyboard in Resources */,
				DAB0ACED1F8F8DC4009A3990 /* Assets.xcassets in Resources */,
				DAB0ACEB1F8F8DC4009A3990 /* Main.storyboard in Resources */,
			);
			runOnlyForDeploymentPostprocessing = 0;
		};
/* End PBXResourcesBuildPhase section */

/* Begin PBXSourcesBuildPhase section */
		DAB0ACDC1F8F8DC4009A3990 /* Sources */ = {
			isa = PBXSourcesBuildPhase;
			buildActionMask = 2147483647;
			files = (
				DAB0ACE81F8F8DC4009A3990 /* ViewController.m in Sources */,
				DAB0ACF31F8F8DC4009A3990 /* main.m in Sources */,
				DAB0ACE51F8F8DC4009A3990 /* AppDelegate.m in Sources */,
				DAB0ACFF1F8F8E97009A3990 /* ZZDevice.m in Sources */,
			);
			runOnlyForDeploymentPostprocessing = 0;
		};
/* End PBXSourcesBuildPhase section */

/* Begin PBXVariantGroup section */
		DAB0ACE91F8F8DC4009A3990 /* Main.storyboard */ = {
			isa = PBXVariantGroup;
			children = (
				DAB0ACEA1F8F8DC4009A3990 /* Base */,
			);
			name = Main.storyboard;
			sourceTree = "<group>";
		};
		DAB0ACEE1F8F8DC4009A3990 /* LaunchScreen.storyboard */ = {
			isa = PBXVariantGroup;
			children = (
				DAB0ACEF1F8F8DC4009A3990 /* Base */,
			);
			name = LaunchScreen.storyboard;
			sourceTree = "<group>";
		};
/* End PBXVariantGroup section */

/* Begin XCBuildConfiguration section */
		DAB0ACF41F8F8DC4009A3990 /* Debug */ = {
			isa = XCBuildConfiguration;
			buildSettings = {
				ALWAYS_SEARCH_USER_PATHS = NO;
				CLANG_ANALYZER_NONNULL = YES;
				CLANG_ANALYZER_NUMBER_OBJECT_CONVERSION = YES_AGGRESSIVE;
				CLANG_CXX_LANGUAGE_STANDARD = "gnu++14";
				CLANG_CXX_LIBRARY = "libc++";
				CLANG_ENABLE_MODULES = YES;
				CLANG_ENABLE_OBJC_ARC = YES;
				CLANG_WARN_BLOCK_CAPTURE_AUTORELEASING = YES;
				CLANG_WARN_BOOL_CONVERSION = YES;
				CLANG_WARN_COMMA = YES;
				CLANG_WARN_CONSTANT_CONVERSION = YES;
				CLANG_WARN_DIRECT_OBJC_ISA_USAGE = YES_ERROR;
				CLANG_WARN_DOCUMENTATION_COMMENTS = YES;
				CLANG_WARN_EMPTY_BODY = YES;
				CLANG_WARN_ENUM_CONVERSION = YES;
				CLANG_WARN_INFINITE_RECURSION = YES;
				CLANG_WARN_INT_CONVERSION = YES;
				CLANG_WARN_NON_LITERAL_NULL_CONVERSION = YES;
				CLANG_WARN_OBJC_LITERAL_CONVERSION = YES;
				CLANG_WARN_OBJC_ROOT_CLASS = YES_ERROR;
				CLANG_WARN_RANGE_LOOP_ANALYSIS = YES;
				CLANG_WARN_STRICT_PROTOTYPES = YES;
				CLANG_WARN_SUSPICIOUS_MOVE = YES;
				CLANG_WARN_UNGUARDED_AVAILABILITY = YES_AGGRESSIVE;
				CLANG_WARN_UNREACHABLE_CODE = YES;
				CLANG_WARN__DUPLICATE_METHOD_MATCH = YES;
				CODE_SIGN_IDENTITY = "iPhone Developer";
				COPY_PHASE_STRIP = NO;
				DEBUG_INFORMATION_FORMAT = dwarf;
				ENABLE_STRICT_OBJC_MSGSEND = YES;
				ENABLE_TESTABILITY = YES;
				GCC_C_LANGUAGE_STANDARD = gnu11;
				GCC_DYNAMIC_NO_PIC = NO;
				GCC_NO_COMMON_BLOCKS = YES;
				GCC_OPTIMIZATION_LEVEL = 0;
				GCC_PREPROCESSOR_DEFINITIONS = (
					"DEBUG=1",
					"$(inherited)",
				);
				GCC_WARN_64_TO_32_BIT_CONVERSION = YES;
				GCC_WARN_ABOUT_RETURN_TYPE = YES_ERROR;
				GCC_WARN_UNDECLARED_SELECTOR = YES;
				GCC_WARN_UNINITIALIZED_AUTOS = YES_AGGRESSIVE;
				GCC_WARN_UNUSED_FUNCTION = YES;
				GCC_WARN_UNUSED_VARIABLE = YES;
				IPHONEOS_DEPLOYMENT_TARGET = 11.0;
				MTL_ENABLE_DEBUG_INFO = YES;
				ONLY_ACTIVE_ARCH = YES;
				SDKROOT = iphoneos;
			};
			name = Debug;
		};
		DAB0ACF51F8F8DC4009A3990 /* Release */ = {
			isa = XCBuildConfiguration;
			buildSettings = {
				ALWAYS_SEARCH_USER_PATHS = NO;
				CLANG_ANALYZER_NONNULL = YES;
				CLANG_ANALYZER_NUMBER_OBJECT_CONVERSION = YES_AGGRESSIVE;
				CLANG_CXX_LANGUAGE_STANDARD = "gnu++14";
				CLANG_CXX_LIBRARY = "libc++";
				CLANG_ENABLE_MODULES = YES;
				CLANG_ENABLE_OBJC_ARC = YES;
				CLANG_WARN_BLOCK_CAPTURE_AUTORELEASING = YES;
				CLANG_WARN_BOOL_CONVERSION = YES;
				CLANG_WARN_COMMA = YES;
				CLANG_WARN_CONSTANT_CONVERSION = YES;
				CLANG_WARN_DIRECT_OBJC_ISA_USAGE = YES_ERROR;
				CLANG_WARN_DOCUMENTATION_COMMENTS = YES;
				CLANG_WARN_EMPTY_BODY = YES;
				CLANG_WARN_ENUM_CONVERSION = YES;
				CLANG_WARN_INFINITE_RECURSION = YES;
				CLANG_WARN_INT_CONVERSION = YES;
				CLANG_WARN_NON_LITERAL_NULL_CONVERSION = YES;
				CLANG_WARN_OBJC_LITERAL_CONVERSION = YES;
				CLANG_WARN_OBJC_ROOT_CLASS = YES_ERROR;
				CLANG_WARN_RANGE_LOOP_ANALYSIS = YES;
				CLANG_WARN_STRICT_PROTOTYPES = YES;
				CLANG_WARN_SUSPICIOUS_MOVE = YES;
				CLANG_WARN_UNGUARDED_AVAILABILITY = YES_AGGRESSIVE;
				CLANG_WARN_UNREACHABLE_CODE = YES;
				CLANG_WARN__DUPLICATE_METHOD_MATCH = YES;
				CODE_SIGN_IDENTITY = "iPhone Developer";
				COPY_PHASE_STRIP = NO;
				DEBUG_INFORMATION_FORMAT = "dwarf-with-dsym";
				ENABLE_NS_ASSERTIONS = NO;
				ENABLE_STRICT_OBJC_MSGSEND = YES;
				GCC_C_LANGUAGE_STANDARD = gnu11;
				GCC_NO_COMMON_BLOCKS = YES;
				GCC_WARN_64_TO_32_BIT_CONVERSION = YES;
				GCC_WARN_ABOUT_RETURN_TYPE = YES_ERROR;
				GCC_WARN_UNDECLARED_SELECTOR = YES;
				GCC_WARN_UNINITIALIZED_AUTOS = YES_AGGRESSIVE;
				GCC_WARN_UNUSED_FUNCTION = YES;
				GCC_WARN_UNUSED_VARIABLE = YES;
				IPHONEOS_DEPLOYMENT_TARGET = 11.0;
				MTL_ENABLE_DEBUG_INFO = NO;
				SDKROOT = iphoneos;
				VALIDATE_PRODUCT = YES;
			};
			name = Release;
		};
		DAB0ACF71F8F8DC4009A3990 /* Debug */ = {
			isa = XCBuildConfiguration;
			buildSettings = {
				ASSETCATALOG_COMPILER_APPICON_NAME = AppIcon;
				CODE_SIGN_STYLE = Automatic;
				INFOPLIST_FILE = iOSVersionManager/Info.plist;
				LD_RUNPATH_SEARCH_PATHS = "$(inherited) @executable_path/Frameworks";
				PRODUCT_BUNDLE_IDENTIFIER = "---.iOSVersionManager";
				PRODUCT_NAME = "$(TARGET_NAME)";
				TARGETED_DEVICE_FAMILY = "1,2";
			};
			name = Debug;
		};
		DAB0ACF81F8F8DC4009A3990 /* Release */ = {
			isa = XCBuildConfiguration;
			buildSettings = {
				ASSETCATALOG_COMPILER_APPICON_NAME = AppIcon;
				CODE_SIGN_STYLE = Automatic;
				INFOPLIST_FILE = iOSVersionManager/Info.plist;
				LD_RUNPATH_SEARCH_PATHS = "$(inherited) @executable_path/Frameworks";
				PRODUCT_BUNDLE_IDENTIFIER = "---.iOSVersionManager";
				PRODUCT_NAME = "$(TARGET_NAME)";
				TARGETED_DEVICE_FAMILY = "1,2";
			};
			name = Release;
		};
/* End XCBuildConfiguration section */

/* Begin XCConfigurationList section */
		DAB0ACDB1F8F8DC4009A3990 /* Build configuration list for PBXProject "iOSVersionManager" */ = {
			isa = XCConfigurationList;
			buildConfigurations = (
				DAB0ACF41F8F8DC4009A3990 /* Debug */,
				DAB0ACF51F8F8DC4009A3990 /* Release */,
			);
			defaultConfigurationIsVisible = 0;
			defaultConfigurationName = Release;
		};
		DAB0ACF61F8F8DC4009A3990 /* Build configuration list for PBXNativeTarget "iOSVersionManager" */ = {
			isa = XCConfigurationList;
			buildConfigurations = (
				DAB0ACF71F8F8DC4009A3990 /* Debug */,
				DAB0ACF81F8F8DC4009A3990 /* Release */,
			);
			defaultConfigurationIsVisible = 0;
			defaultConfigurationName = Release;
		};
/* End XCConfigurationList section */
	};
	rootObject = DAB0ACD81F8F8DC4009A3990 /* Project object */;
}
