// !$*UTF8*$!
{
	archiveVersion = 1;
	classes = {
	};
	objectVersion = 48;
	objects = {

/* Begin PBXBuildFile section */
		DA538DCD1FD63B74006E2985 /* main.m in Sources */ = {isa = PBXBuildFile; fileRef = DA538DCC1FD63B74006E2985 /* main.m */; };
		DA538DD51FD63B84006E2985 /* TestAtomic.m in Sources */ = {isa = PBXBuildFile; fileRef = DA538DD41FD63B84006E2985 /* TestAtomic.m */; };
		DA538DDB1FD645E4006E2985 /* TestAtomicArray.m in Sources */ = {isa = PBXBuildFile; fileRef = DA538DDA1FD645E4006E2985 /* TestAtomicArray.m */; };
/* End PBXBuildFile section */

/* Begin PBXCopyFilesBuildPhase section */
		DA538DC71FD63B74006E2985 /* CopyFiles */ = {
			isa = PBXCopyFilesBuildPhase;
			buildActionMask = 2147483647;
			dstPath = /usr/share/man/man1/;
			dstSubfolderSpec = 0;
			files = (
			);
			runOnlyForDeploymentPostprocessing = 1;
		};
/* End PBXCopyFilesBuildPhase section */

/* Begin PBXFileReference section */
		DA538DC91FD63B74006E2985 /* AtomicDemo */ = {isa = PBXFileReference; explicitFileType = "compiled.mach-o.executable"; includeInIndex = 0; path = AtomicDemo; sourceTree = BUILT_PRODUCTS_DIR; };
		DA538DCC1FD63B74006E2985 /* main.m */ = {isa = PBXFileReference; lastKnownFileType = sourcecode.c.objc; path = main.m; sourceTree = "<group>"; };
		DA538DD31FD63B84006E2985 /* TestAtomic.h */ = {isa = PBXFileReference; lastKnownFileType = sourcecode.c.h; path = TestAtomic.h; sourceTree = "<group>"; };
		DA538DD41FD63B84006E2985 /* TestAtomic.m */ = {isa = PBXFileReference; lastKnownFileType = sourcecode.c.objc; path = TestAtomic.m; sourceTree = "<group>"; };
		DA538DD91FD645E4006E2985 /* TestAtomicArray.h */ = {isa = PBXFileReference; lastKnownFileType = sourcecode.c.h; path = TestAtomicArray.h; sourceTree = "<group>"; };
		DA538DDA1FD645E4006E2985 /* TestAtomicArray.m */ = {isa = PBXFileReference; lastKnownFileType = sourcecode.c.objc; path = TestAtomicArray.m; sourceTree = "<group>"; };
/* End PBXFileReference section */

/* Begin PBXFrameworksBuildPhase section */
		DA538DC61FD63B74006E2985 /* Frameworks */ = {
			isa = PBXFrameworksBuildPhase;
			buildActionMask = 2147483647;
			files = (
			);
			runOnlyForDeploymentPostprocessing = 0;
		};
/* End PBXFrameworksBuildPhase section */

/* Begin PBXGroup section */
		DA538DC01FD63B74006E2985 = {
			isa = PBXGroup;
			children = (
				DA538DCB1FD63B74006E2985 /* AtomicDemo */,
				DA538DCA1FD63B74006E2985 /* Products */,
			);
			sourceTree = "<group>";
		};
		DA538DCA1FD63B74006E2985 /* Products */ = {
			isa = PBXGroup;
			children = (
				DA538DC91FD63B74006E2985 /* AtomicDemo */,
			);
			name = Products;
			sourceTree = "<group>";
		};
		DA538DCB1FD63B74006E2985 /* AtomicDemo */ = {
			isa = PBXGroup;
			children = (
				DA538DCC1FD63B74006E2985 /* main.m */,
				DA538DD31FD63B84006E2985 /* TestAtomic.h */,
				DA538DD41FD63B84006E2985 /* TestAtomic.m */,
				DA538DD91FD645E4006E2985 /* TestAtomicArray.h */,
				DA538DDA1FD645E4006E2985 /* TestAtomicArray.m */,
			);
			path = AtomicDemo;
			sourceTree = "<group>";
		};
/* End PBXGroup section */

/* Begin PBXNativeTarget section */
		DA538DC81FD63B74006E2985 /* AtomicDemo */ = {
			isa = PBXNativeTarget;
			buildConfigurationList = DA538DD01FD63B74006E2985 /* Build configuration list for PBXNativeTarget "AtomicDemo" */;
			buildPhases = (
				DA538DC51FD63B74006E2985 /* Sources */,
				DA538DC61FD63B74006E2985 /* Frameworks */,
				DA538DC71FD63B74006E2985 /* CopyFiles */,
			);
			buildRules = (
			);
			dependencies = (
			);
			name = AtomicDemo;
			productName = AtomicDemo;
			productReference = DA538DC91FD63B74006E2985 /* AtomicDemo */;
			productType = "com.apple.product-type.tool";
		};
/* End PBXNativeTarget section */

/* Begin PBXProject section */
		DA538DC11FD63B74006E2985 /* Project object */ = {
			isa = PBXProject;
			attributes = {
				LastUpgradeCheck = 0900;
				ORGANIZATIONNAME = "liuxing8807@126.com";
				TargetAttributes = {
					DA538DC81FD63B74006E2985 = {
						CreatedOnToolsVersion = 9.0;
						ProvisioningStyle = Automatic;
					};
				};
			};
			buildConfigurationList = DA538DC41FD63B74006E2985 /* Build configuration list for PBXProject "AtomicDemo" */;
			compatibilityVersion = "Xcode 8.0";
			developmentRegion = en;
			hasScannedForEncodings = 0;
			knownRegions = (
				en,
			);
			mainGroup = DA538DC01FD63B74006E2985;
			productRefGroup = DA538DCA1FD63B74006E2985 /* Products */;
			projectDirPath = "";
			projectRoot = "";
			targets = (
				DA538DC81FD63B74006E2985 /* AtomicDemo */,
			);
		};
/* End PBXProject section */

/* Begin PBXSourcesBuildPhase section */
		DA538DC51FD63B74006E2985 /* Sources */ = {
			isa = PBXSourcesBuildPhase;
			buildActionMask = 2147483647;
			files = (
				DA538DDB1FD645E4006E2985 /* TestAtomicArray.m in Sources */,
				DA538DD51FD63B84006E2985 /* TestAtomic.m in Sources */,
				DA538DCD1FD63B74006E2985 /* main.m in Sources */,
			);
			runOnlyForDeploymentPostprocessing = 0;
		};
/* End PBXSourcesBuildPhase section */

/* Begin XCBuildConfiguration section */
		DA538DCE1FD63B74006E2985 /* Debug */ = {
			isa = XCBuildConfiguration;
			buildSettings = {
				ALWAYS_SEARCH_USER_PATHS = NO;
				CLANG_ANALYZER_NONNULL = YES;
				CLANG_ANALYZER_NUMBER_OBJECT_CONVERSION = YES_AGGRESSIVE;
				CLANG_CXX_LANGUAGE_STANDARD = "gnu++14";
				CLANG_CXX_LIBRARY = "libc++";
				CLANG_ENABLE_MODULES = YES;
				CLANG_ENABLE_OBJC_ARC = YES;
				CLANG_WARN_BLOCK_CAPTURE_AUTORELEASING = YES;
				CLANG_WARN_BOOL_CONVERSION = YES;
				CLANG_WARN_COMMA = YES;
				CLANG_WARN_CONSTANT_CONVERSION = YES;
				CLANG_WARN_DIRECT_OBJC_ISA_USAGE = YES_ERROR;
				CLANG_WARN_DOCUMENTATION_COMMENTS = YES;
				CLANG_WARN_EMPTY_BODY = YES;
				CLANG_WARN_ENUM_CONVERSION = YES;
				CLANG_WARN_INFINITE_RECURSION = YES;
				CLANG_WARN_INT_CONVERSION = YES;
				CLANG_WARN_NON_LITERAL_NULL_CONVERSION = YES;
				CLANG_WARN_OBJC_LITERAL_CONVERSION = YES;
				CLANG_WARN_OBJC_ROOT_CLASS = YES_ERROR;
				CLANG_WARN_RANGE_LOOP_ANALYSIS = YES;
				CLANG_WARN_STRICT_PROTOTYPES = YES;
				CLANG_WARN_SUSPICIOUS_MOVE = YES;
				CLANG_WARN_UNGUARDED_AVAILABILITY = YES_AGGRESSIVE;
				CLANG_WARN_UNREACHABLE_CODE = YES;
				CLANG_WARN__DUPLICATE_METHOD_MATCH = YES;
				CODE_SIGN_IDENTITY = "-";
				COPY_PHASE_STRIP = NO;
				DEBUG_INFORMATION_FORMAT = dwarf;
				ENABLE_STRICT_OBJC_MSGSEND = YES;
				ENABLE_TESTABILITY = YES;
				GCC_C_LANGUAGE_STANDARD = gnu11;
				GCC_DYNAMIC_NO_PIC = NO;
				GCC_NO_COMMON_BLOCKS = YES;
				GCC_OPTIMIZATION_LEVEL = 0;
				GCC_PREPROCESSOR_DEFINITIONS = (
					"DEBUG=1",
					"$(inherited)",
				);
				GCC_WARN_64_TO_32_BIT_CONVERSION = YES;
				GCC_WARN_ABOUT_RETURN_TYPE = YES_ERROR;
				GCC_WARN_UNDECLARED_SELECTOR = YES;
				GCC_WARN_UNINITIALIZED_AUTOS = YES_AGGRESSIVE;
				GCC_WARN_UNUSED_FUNCTION = YES;
				GCC_WARN_UNUSED_VARIABLE = YES;
				MACOSX_DEPLOYMENT_TARGET = 10.13;
				MTL_ENABLE_DEBUG_INFO = YES;
				ONLY_ACTIVE_ARCH = YES;
				SDKROOT = macosx;
			};
			name = Debug;
		};
		DA538DCF1FD63B74006E2985 /* Release */ = {
			isa = XCBuildConfiguration;
			buildSettings = {
				ALWAYS_SEARCH_USER_PATHS = NO;
				CLANG_ANALYZER_NONNULL = YES;
				CLANG_ANALYZER_NUMBER_OBJECT_CONVERSION = YES_AGGRESSIVE;
				CLANG_CXX_LANGUAGE_STANDARD = "gnu++14";
				CLANG_CXX_LIBRARY = "libc++";
				CLANG_ENABLE_MODULES = YES;
				CLANG_ENABLE_OBJC_ARC = YES;
				CLANG_WARN_BLOCK_CAPTURE_AUTORELEASING = YES;
				CLANG_WARN_BOOL_CONVERSION = YES;
				CLANG_WARN_COMMA = YES;
				CLANG_WARN_CONSTANT_CONVERSION = YES;
				CLANG_WARN_DIRECT_OBJC_ISA_USAGE = YES_ERROR;
				CLANG_WARN_DOCUMENTATION_COMMENTS = YES;
				CLANG_WARN_EMPTY_BODY = YES;
				CLANG_WARN_ENUM_CONVERSION = YES;
				CLANG_WARN_INFINITE_RECURSION = YES;
				CLANG_WARN_INT_CONVERSION = YES;
				CLANG_WARN_NON_LITERAL_NULL_CONVERSION = YES;
				CLANG_WARN_OBJC_LITERAL_CONVERSION = YES;
				CLANG_WARN_OBJC_ROOT_CLASS = YES_ERROR;
				CLANG_WARN_RANGE_LOOP_ANALYSIS = YES;
				CLANG_WARN_STRICT_PROTOTYPES = YES;
				CLANG_WARN_SUSPICIOUS_MOVE = YES;
				CLANG_WARN_UNGUARDED_AVAILABILITY = YES_AGGRESSIVE;
				CLANG_WARN_UNREACHABLE_CODE = YES;
				CLANG_WARN__DUPLICATE_METHOD_MATCH = YES;
				CODE_SIGN_IDENTITY = "-";
				COPY_PHASE_STRIP = NO;
				DEBUG_INFORMATION_FORMAT = "dwarf-with-dsym";
				ENABLE_NS_ASSERTIONS = NO;
				ENABLE_STRICT_OBJC_MSGSEND = YES;
				GCC_C_LANGUAGE_STANDARD = gnu11;
				GCC_NO_COMMON_BLOCKS = YES;
				GCC_WARN_64_TO_32_BIT_CONVERSION = YES;
				GCC_WARN_ABOUT_RETURN_TYPE = YES_ERROR;
				GCC_WARN_UNDECLARED_SELECTOR = YES;
				GCC_WARN_UNINITIALIZED_AUTOS = YES_AGGRESSIVE;
				GCC_WARN_UNUSED_FUNCTION = YES;
				GCC_WARN_UNUSED_VARIABLE = YES;
				MACOSX_DEPLOYMENT_TARGET = 10.13;
				MTL_ENABLE_DEBUG_INFO = NO;
				SDKROOT = macosx;
			};
			name = Release;
		};
		DA538DD11FD63B74006E2985 /* Debug */ = {
			isa = XCBuildConfiguration;
			buildSettings = {
				CODE_SIGN_STYLE = Automatic;
				PRODUCT_NAME = "$(TARGET_NAME)";
			};
			name = Debug;
		};
		DA538DD21FD63B74006E2985 /* Release */ = {
			isa = XCBuildConfiguration;
			buildSettings = {
				CODE_SIGN_STYLE = Automatic;
				PRODUCT_NAME = "$(TARGET_NAME)";
			};
			name = Release;
		};
/* End XCBuildConfiguration section */

/* Begin XCConfigurationList section */
		DA538DC41FD63B74006E2985 /* Build configuration list for PBXProject "AtomicDemo" */ = {
			isa = XCConfigurationList;
			buildConfigurations = (
				DA538DCE1FD63B74006E2985 /* Debug */,
				DA538DCF1FD63B74006E2985 /* Release */,
			);
			defaultConfigurationIsVisible = 0;
			defaultConfigurationName = Release;
		};
		DA538DD01FD63B74006E2985 /* Build configuration list for PBXNativeTarget "AtomicDemo" */ = {
			isa = XCConfigurationList;
			buildConfigurations = (
				DA538DD11FD63B74006E2985 /* Debug */,
				DA538DD21FD63B74006E2985 /* Release */,
			);
			defaultConfigurationIsVisible = 0;
			defaultConfigurationName = Release;
		};
/* End XCConfigurationList section */
	};
	rootObject = DA538DC11FD63B74006E2985 /* Project object */;
}
