// !$*UTF8*$!
{
	archiveVersion = 1;
	classes = {
	};
	objectVersion = 50;
	objects = {

/* Begin PBXBuildFile section */
		DAEDD76D217F29BB00A78DE0 /* AppDelegate.m in Sources */ = {isa = PBXBuildFile; fileRef = DAEDD76C217F29BB00A78DE0 /* AppDelegate.m */; };
		DAEDD770217F29BB00A78DE0 /* ViewController.m in Sources */ = {isa = PBXBuildFile; fileRef = DAEDD76F217F29BB00A78DE0 /* ViewController.m */; };
		DAEDD773217F29BB00A78DE0 /* Main.storyboard in Resources */ = {isa = PBXBuildFile; fileRef = DAEDD771217F29BB00A78DE0 /* Main.storyboard */; };
		DAEDD775217F29BD00A78DE0 /* Assets.xcassets in Resources */ = {isa = PBXBuildFile; fileRef = DAEDD774217F29BD00A78DE0 /* Assets.xcassets */; };
		DAEDD778217F29BD00A78DE0 /* LaunchScreen.storyboard in Resources */ = {isa = PBXBuildFile; fileRef = DAEDD776217F29BD00A78DE0 /* LaunchScreen.storyboard */; };
		DAEDD77B217F29BD00A78DE0 /* main.m in Sources */ = {isa = PBXBuildFile; fileRef = DAEDD77A217F29BD00A78DE0 /* main.m */; };
		DAEDD783217F29F900A78DE0 /* BMCoordinatesDrawer.m in Sources */ = {isa = PBXBuildFile; fileRef = DAEDD782217F29F900A78DE0 /* BMCoordinatesDrawer.m */; };
		DAEDD785217F2C1700A78DE0 /* coordinates.txt in Resources */ = {isa = PBXBuildFile; fileRef = DAEDD784217F2C1700A78DE0 /* coordinates.txt */; };
/* End PBXBuildFile section */

/* Begin PBXFileReference section */
		DAEDD768217F29BB00A78DE0 /* DrawCoordinate.app */ = {isa = PBXFileReference; explicitFileType = wrapper.application; includeInIndex = 0; path = DrawCoordinate.app; sourceTree = BUILT_PRODUCTS_DIR; };
		DAEDD76B217F29BB00A78DE0 /* AppDelegate.h */ = {isa = PBXFileReference; lastKnownFileType = sourcecode.c.h; path = AppDelegate.h; sourceTree = "<group>"; };
		DAEDD76C217F29BB00A78DE0 /* AppDelegate.m */ = {isa = PBXFileReference; lastKnownFileType = sourcecode.c.objc; path = AppDelegate.m; sourceTree = "<group>"; };
		DAEDD76E217F29BB00A78DE0 /* ViewController.h */ = {isa = PBXFileReference; lastKnownFileType = sourcecode.c.h; path = ViewController.h; sourceTree = "<group>"; };
		DAEDD76F217F29BB00A78DE0 /* ViewController.m */ = {isa = PBXFileReference; lastKnownFileType = sourcecode.c.objc; path = ViewController.m; sourceTree = "<group>"; };
		DAEDD772217F29BB00A78DE0 /* Base */ = {isa = PBXFileReference; lastKnownFileType = file.storyboard; name = Base; path = Base.lproj/Main.storyboard; sourceTree = "<group>"; };
		DAEDD774217F29BD00A78DE0 /* Assets.xcassets */ = {isa = PBXFileReference; lastKnownFileType = folder.assetcatalog; path = Assets.xcassets; sourceTree = "<group>"; };
		DAEDD777217F29BD00A78DE0 /* Base */ = {isa = PBXFileReference; lastKnownFileType = file.storyboard; name = Base; path = Base.lproj/LaunchScreen.storyboard; sourceTree = "<group>"; };
		DAEDD779217F29BD00A78DE0 /* Info.plist */ = {isa = PBXFileReference; lastKnownFileType = text.plist.xml; path = Info.plist; sourceTree = "<group>"; };
		DAEDD77A217F29BD00A78DE0 /* main.m */ = {isa = PBXFileReference; lastKnownFileType = sourcecode.c.objc; path = main.m; sourceTree = "<group>"; };
		DAEDD781217F29F900A78DE0 /* BMCoordinatesDrawer.h */ = {isa = PBXFileReference; lastKnownFileType = sourcecode.c.h; path = BMCoordinatesDrawer.h; sourceTree = "<group>"; };
		DAEDD782217F29F900A78DE0 /* BMCoordinatesDrawer.m */ = {isa = PBXFileReference; lastKnownFileType = sourcecode.c.objc; path = BMCoordinatesDrawer.m; sourceTree = "<group>"; };
		DAEDD784217F2C1700A78DE0 /* coordinates.txt */ = {isa = PBXFileReference; fileEncoding = 4; lastKnownFileType = text; path = coordinates.txt; sourceTree = "<group>"; };
/* End PBXFileReference section */

/* Begin PBXFrameworksBuildPhase section */
		DAEDD765217F29BB00A78DE0 /* Frameworks */ = {
			isa = PBXFrameworksBuildPhase;
			buildActionMask = 2147483647;
			files = (
			);
			runOnlyForDeploymentPostprocessing = 0;
		};
/* End PBXFrameworksBuildPhase section */

/* Begin PBXGroup section */
		DAEDD75F217F29BB00A78DE0 = {
			isa = PBXGroup;
			children = (
				DAEDD76A217F29BB00A78DE0 /* DrawCoordinate */,
				DAEDD769217F29BB00A78DE0 /* Products */,
			);
			sourceTree = "<group>";
		};
		DAEDD769217F29BB00A78DE0 /* Products */ = {
			isa = PBXGroup;
			children = (
				DAEDD768217F29BB00A78DE0 /* DrawCoordinate.app */,
			);
			name = Products;
			sourceTree = "<group>";
		};
		DAEDD76A217F29BB00A78DE0 /* DrawCoordinate */ = {
			isa = PBXGroup;
			children = (
				DAEDD76B217F29BB00A78DE0 /* AppDelegate.h */,
				DAEDD76C217F29BB00A78DE0 /* AppDelegate.m */,
				DAEDD76E217F29BB00A78DE0 /* ViewController.h */,
				DAEDD76F217F29BB00A78DE0 /* ViewController.m */,
				DAEDD771217F29BB00A78DE0 /* Main.storyboard */,
				DAEDD781217F29F900A78DE0 /* BMCoordinatesDrawer.h */,
				DAEDD782217F29F900A78DE0 /* BMCoordinatesDrawer.m */,
				DAEDD784217F2C1700A78DE0 /* coordinates.txt */,
				DAEDD774217F29BD00A78DE0 /* Assets.xcassets */,
				DAEDD776217F29BD00A78DE0 /* LaunchScreen.storyboard */,
				DAEDD779217F29BD00A78DE0 /* Info.plist */,
				DAEDD77A217F29BD00A78DE0 /* main.m */,
			);
			path = DrawCoordinate;
			sourceTree = "<group>";
		};
/* End PBXGroup section */

/* Begin PBXNativeTarget section */
		DAEDD767217F29BB00A78DE0 /* DrawCoordinate */ = {
			isa = PBXNativeTarget;
			buildConfigurationList = DAEDD77E217F29BD00A78DE0 /* Build configuration list for PBXNativeTarget "DrawCoordinate" */;
			buildPhases = (
				DAEDD764217F29BB00A78DE0 /* Sources */,
				DAEDD765217F29BB00A78DE0 /* Frameworks */,
				DAEDD766217F29BB00A78DE0 /* Resources */,
			);
			buildRules = (
			);
			dependencies = (
			);
			name = DrawCoordinate;
			productName = DrawCoordinate;
			productReference = DAEDD768217F29BB00A78DE0 /* DrawCoordinate.app */;
			productType = "com.apple.product-type.application";
		};
/* End PBXNativeTarget section */

/* Begin PBXProject section */
		DAEDD760217F29BB00A78DE0 /* Project object */ = {
			isa = PBXProject;
			attributes = {
				LastUpgradeCheck = 1000;
				ORGANIZATIONNAME = banma;
				TargetAttributes = {
					DAEDD767217F29BB00A78DE0 = {
						CreatedOnToolsVersion = 10.0;
					};
				};
			};
			buildConfigurationList = DAEDD763217F29BB00A78DE0 /* Build configuration list for PBXProject "DrawCoordinate" */;
			compatibilityVersion = "Xcode 9.3";
			developmentRegion = en;
			hasScannedForEncodings = 0;
			knownRegions = (
				en,
				Base,
			);
			mainGroup = DAEDD75F217F29BB00A78DE0;
			productRefGroup = DAEDD769217F29BB00A78DE0 /* Products */;
			projectDirPath = "";
			projectRoot = "";
			targets = (
				DAEDD767217F29BB00A78DE0 /* DrawCoordinate */,
			);
		};
/* End PBXProject section */

/* Begin PBXResourcesBuildPhase section */
		DAEDD766217F29BB00A78DE0 /* Resources */ = {
			isa = PBXResourcesBuildPhase;
			buildActionMask = 2147483647;
			files = (
				DAEDD785217F2C1700A78DE0 /* coordinates.txt in Resources */,
				DAEDD778217F29BD00A78DE0 /* LaunchScreen.storyboard in Resources */,
				DAEDD775217F29BD00A78DE0 /* Assets.xcassets in Resources */,
				DAEDD773217F29BB00A78DE0 /* Main.storyboard in Resources */,
			);
			runOnlyForDeploymentPostprocessing = 0;
		};
/* End PBXResourcesBuildPhase section */

/* Begin PBXSourcesBuildPhase section */
		DAEDD764217F29BB00A78DE0 /* Sources */ = {
			isa = PBXSourcesBuildPhase;
			buildActionMask = 2147483647;
			files = (
				DAEDD770217F29BB00A78DE0 /* ViewController.m in Sources */,
				DAEDD77B217F29BD00A78DE0 /* main.m in Sources */,
				DAEDD76D217F29BB00A78DE0 /* AppDelegate.m in Sources */,
				DAEDD783217F29F900A78DE0 /* BMCoordinatesDrawer.m in Sources */,
			);
			runOnlyForDeploymentPostprocessing = 0;
		};
/* End PBXSourcesBuildPhase section */

/* Begin PBXVariantGroup section */
		DAEDD771217F29BB00A78DE0 /* Main.storyboard */ = {
			isa = PBXVariantGroup;
			children = (
				DAEDD772217F29BB00A78DE0 /* Base */,
			);
			name = Main.storyboard;
			sourceTree = "<group>";
		};
		DAEDD776217F29BD00A78DE0 /* LaunchScreen.storyboard */ = {
			isa = PBXVariantGroup;
			children = (
				DAEDD777217F29BD00A78DE0 /* Base */,
			);
			name = LaunchScreen.storyboard;
			sourceTree = "<group>";
		};
/* End PBXVariantGroup section */

/* Begin XCBuildConfiguration section */
		DAEDD77C217F29BD00A78DE0 /* Debug */ = {
			isa = XCBuildConfiguration;
			buildSettings = {
				ALWAYS_SEARCH_USER_PATHS = NO;
				CLANG_ANALYZER_NONNULL = YES;
				CLANG_ANALYZER_NUMBER_OBJECT_CONVERSION = YES_AGGRESSIVE;
				CLANG_CXX_LANGUAGE_STANDARD = "gnu++14";
				CLANG_CXX_LIBRARY = "libc++";
				CLANG_ENABLE_MODULES = YES;
				CLANG_ENABLE_OBJC_ARC = YES;
				CLANG_ENABLE_OBJC_WEAK = YES;
				CLANG_WARN_BLOCK_CAPTURE_AUTORELEASING = YES;
				CLANG_WARN_BOOL_CONVERSION = YES;
				CLANG_WARN_COMMA = YES;
				CLANG_WARN_CONSTANT_CONVERSION = YES;
				CLANG_WARN_DEPRECATED_OBJC_IMPLEMENTATIONS = YES;
				CLANG_WARN_DIRECT_OBJC_ISA_USAGE = YES_ERROR;
				CLANG_WARN_DOCUMENTATION_COMMENTS = YES;
				CLANG_WARN_EMPTY_BODY = YES;
				CLANG_WARN_ENUM_CONVERSION = YES;
				CLANG_WARN_INFINITE_RECURSION = YES;
				CLANG_WARN_INT_CONVERSION = YES;
				CLANG_WARN_NON_LITERAL_NULL_CONVERSION = YES;
				CLANG_WARN_OBJC_IMPLICIT_RETAIN_SELF = YES;
				CLANG_WARN_OBJC_LITERAL_CONVERSION = YES;
				CLANG_WARN_OBJC_ROOT_CLASS = YES_ERROR;
				CLANG_WARN_RANGE_LOOP_ANALYSIS = YES;
				CLANG_WARN_STRICT_PROTOTYPES = YES;
				CLANG_WARN_SUSPICIOUS_MOVE = YES;
				CLANG_WARN_UNGUARDED_AVAILABILITY = YES_AGGRESSIVE;
				CLANG_WARN_UNREACHABLE_CODE = YES;
				CLANG_WARN__DUPLICATE_METHOD_MATCH = YES;
				CODE_SIGN_IDENTITY = "iPhone Developer";
				COPY_PHASE_STRIP = NO;
				DEBUG_INFORMATION_FORMAT = dwarf;
				ENABLE_STRICT_OBJC_MSGSEND = YES;
				ENABLE_TESTABILITY = YES;
				GCC_C_LANGUAGE_STANDARD = gnu11;
				GCC_DYNAMIC_NO_PIC = NO;
				GCC_NO_COMMON_BLOCKS = YES;
				GCC_OPTIMIZATION_LEVEL = 0;
				GCC_PREPROCESSOR_DEFINITIONS = (
					"DEBUG=1",
					"$(inherited)",
				);
				GCC_WARN_64_TO_32_BIT_CONVERSION = YES;
				GCC_WARN_ABOUT_RETURN_TYPE = YES_ERROR;
				GCC_WARN_UNDECLARED_SELECTOR = YES;
				GCC_WARN_UNINITIALIZED_AUTOS = YES_AGGRESSIVE;
				GCC_WARN_UNUSED_FUNCTION = YES;
				GCC_WARN_UNUSED_VARIABLE = YES;
				IPHONEOS_DEPLOYMENT_TARGET = 12.0;
				MTL_ENABLE_DEBUG_INFO = INCLUDE_SOURCE;
				MTL_FAST_MATH = YES;
				ONLY_ACTIVE_ARCH = YES;
				SDKROOT = iphoneos;
			};
			name = Debug;
		};
		DAEDD77D217F29BD00A78DE0 /* Release */ = {
			isa = XCBuildConfiguration;
			buildSettings = {
				ALWAYS_SEARCH_USER_PATHS = NO;
				CLANG_ANALYZER_NONNULL = YES;
				CLANG_ANALYZER_NUMBER_OBJECT_CONVERSION = YES_AGGRESSIVE;
				CLANG_CXX_LANGUAGE_STANDARD = "gnu++14";
				CLANG_CXX_LIBRARY = "libc++";
				CLANG_ENABLE_MODULES = YES;
				CLANG_ENABLE_OBJC_ARC = YES;
				CLANG_ENABLE_OBJC_WEAK = YES;
				CLANG_WARN_BLOCK_CAPTURE_AUTORELEASING = YES;
				CLANG_WARN_BOOL_CONVERSION = YES;
				CLANG_WARN_COMMA = YES;
				CLANG_WARN_CONSTANT_CONVERSION = YES;
				CLANG_WARN_DEPRECATED_OBJC_IMPLEMENTATIONS = YES;
				CLANG_WARN_DIRECT_OBJC_ISA_USAGE = YES_ERROR;
				CLANG_WARN_DOCUMENTATION_COMMENTS = YES;
				CLANG_WARN_EMPTY_BODY = YES;
				CLANG_WARN_ENUM_CONVERSION = YES;
				CLANG_WARN_INFINITE_RECURSION = YES;
				CLANG_WARN_INT_CONVERSION = YES;
				CLANG_WARN_NON_LITERAL_NULL_CONVERSION = YES;
				CLANG_WARN_OBJC_IMPLICIT_RETAIN_SELF = YES;
				CLANG_WARN_OBJC_LITERAL_CONVERSION = YES;
				CLANG_WARN_OBJC_ROOT_CLASS = YES_ERROR;
				CLANG_WARN_RANGE_LOOP_ANALYSIS = YES;
				CLANG_WARN_STRICT_PROTOTYPES = YES;
				CLANG_WARN_SUSPICIOUS_MOVE = YES;
				CLANG_WARN_UNGUARDED_AVAILABILITY = YES_AGGRESSIVE;
				CLANG_WARN_UNREACHABLE_CODE = YES;
				CLANG_WARN__DUPLICATE_METHOD_MATCH = YES;
				CODE_SIGN_IDENTITY = "iPhone Developer";
				COPY_PHASE_STRIP = NO;
				DEBUG_INFORMATION_FORMAT = "dwarf-with-dsym";
				ENABLE_NS_ASSERTIONS = NO;
				ENABLE_STRICT_OBJC_MSGSEND = YES;
				GCC_C_LANGUAGE_STANDARD = gnu11;
				GCC_NO_COMMON_BLOCKS = YES;
				GCC_WARN_64_TO_32_BIT_CONVERSION = YES;
				GCC_WARN_ABOUT_RETURN_TYPE = YES_ERROR;
				GCC_WARN_UNDECLARED_SELECTOR = YES;
				GCC_WARN_UNINITIALIZED_AUTOS = YES_AGGRESSIVE;
				GCC_WARN_UNUSED_FUNCTION = YES;
				GCC_WARN_UNUSED_VARIABLE = YES;
				IPHONEOS_DEPLOYMENT_TARGET = 12.0;
				MTL_ENABLE_DEBUG_INFO = NO;
				MTL_FAST_MATH = YES;
				SDKROOT = iphoneos;
				VALIDATE_PRODUCT = YES;
			};
			name = Release;
		};
		DAEDD77F217F29BD00A78DE0 /* Debug */ = {
			isa = XCBuildConfiguration;
			buildSettings = {
				ASSETCATALOG_COMPILER_APPICON_NAME = AppIcon;
				CODE_SIGN_STYLE = Automatic;
				INFOPLIST_FILE = DrawCoordinate/Info.plist;
				LD_RUNPATH_SEARCH_PATHS = (
					"$(inherited)",
					"@executable_path/Frameworks",
				);
				PRODUCT_BUNDLE_IDENTIFIER = com.banma.framework.DrawCoordinate;
				PRODUCT_NAME = "$(TARGET_NAME)";
				TARGETED_DEVICE_FAMILY = "1,2";
			};
			name = Debug;
		};
		DAEDD780217F29BD00A78DE0 /* Release */ = {
			isa = XCBuildConfiguration;
			buildSettings = {
				ASSETCATALOG_COMPILER_APPICON_NAME = AppIcon;
				CODE_SIGN_STYLE = Automatic;
				INFOPLIST_FILE = DrawCoordinate/Info.plist;
				LD_RUNPATH_SEARCH_PATHS = (
					"$(inherited)",
					"@executable_path/Frameworks",
				);
				PRODUCT_BUNDLE_IDENTIFIER = com.banma.framework.DrawCoordinate;
				PRODUCT_NAME = "$(TARGET_NAME)";
				TARGETED_DEVICE_FAMILY = "1,2";
			};
			name = Release;
		};
/* End XCBuildConfiguration section */

/* Begin XCConfigurationList section */
		DAEDD763217F29BB00A78DE0 /* Build configuration list for PBXProject "DrawCoordinate" */ = {
			isa = XCConfigurationList;
			buildConfigurations = (
				DAEDD77C217F29BD00A78DE0 /* Debug */,
				DAEDD77D217F29BD00A78DE0 /* Release */,
			);
			defaultConfigurationIsVisible = 0;
			defaultConfigurationName = Release;
		};
		DAEDD77E217F29BD00A78DE0 /* Build configuration list for PBXNativeTarget "DrawCoordinate" */ = {
			isa = XCConfigurationList;
			buildConfigurations = (
				DAEDD77F217F29BD00A78DE0 /* Debug */,
				DAEDD780217F29BD00A78DE0 /* Release */,
			);
			defaultConfigurationIsVisible = 0;
			defaultConfigurationName = Release;
		};
/* End XCConfigurationList section */
	};
	rootObject = DAEDD760217F29BB00A78DE0 /* Project object */;
}
