// !$*UTF8*$!
{
	archiveVersion = 1;
	classes = {
	};
	objectVersion = 46;
	objects = {

/* Begin PBXBuildFile section */
		DAA505461CC612DC00857E07 /* main.m in Sources */ = {isa = PBXBuildFile; fileRef = DAA505451CC612DC00857E07 /* main.m */; };
		DAA505511CC6136200857E07 /* NSArray+Swizzle.m in Sources */ = {isa = PBXBuildFile; fileRef = DAA505501CC6136200857E07 /* NSArray+Swizzle.m */; };
/* End PBXBuildFile section */

/* Begin PBXCopyFilesBuildPhase section */
		DAA505401CC612DC00857E07 /* CopyFiles */ = {
			isa = PBXCopyFilesBuildPhase;
			buildActionMask = 2147483647;
			dstPath = /usr/share/man/man1/;
			dstSubfolderSpec = 0;
			files = (
			);
			runOnlyForDeploymentPostprocessing = 1;
		};
/* End PBXCopyFilesBuildPhase section */

/* Begin PBXFileReference section */
		DAA505421CC612DC00857E07 /* Demo_1 */ = {isa = PBXFileReference; explicitFileType = "compiled.mach-o.executable"; includeInIndex = 0; path = Demo_1; sourceTree = BUILT_PRODUCTS_DIR; };
		DAA505451CC612DC00857E07 /* main.m */ = {isa = PBXFileReference; lastKnownFileType = sourcecode.c.objc; path = main.m; sourceTree = "<group>"; };
		DAA5054F1CC6136200857E07 /* NSArray+Swizzle.h */ = {isa = PBXFileReference; fileEncoding = 4; lastKnownFileType = sourcecode.c.h; path = "NSArray+Swizzle.h"; sourceTree = "<group>"; };
		DAA505501CC6136200857E07 /* NSArray+Swizzle.m */ = {isa = PBXFileReference; fileEncoding = 4; lastKnownFileType = sourcecode.c.objc; path = "NSArray+Swizzle.m"; sourceTree = "<group>"; };
/* End PBXFileReference section */

/* Begin PBXFrameworksBuildPhase section */
		DAA5053F1CC612DC00857E07 /* Frameworks */ = {
			isa = PBXFrameworksBuildPhase;
			buildActionMask = 2147483647;
			files = (
			);
			runOnlyForDeploymentPostprocessing = 0;
		};
/* End PBXFrameworksBuildPhase section */

/* Begin PBXGroup section */
		DAA505391CC612DC00857E07 = {
			isa = PBXGroup;
			children = (
				DAA505441CC612DC00857E07 /* Demo_1 */,
				DAA505431CC612DC00857E07 /* Products */,
			);
			sourceTree = "<group>";
		};
		DAA505431CC612DC00857E07 /* Products */ = {
			isa = PBXGroup;
			children = (
				DAA505421CC612DC00857E07 /* Demo_1 */,
			);
			name = Products;
			sourceTree = "<group>";
		};
		DAA505441CC612DC00857E07 /* Demo_1 */ = {
			isa = PBXGroup;
			children = (
				DAA505451CC612DC00857E07 /* main.m */,
				DAA5054F1CC6136200857E07 /* NSArray+Swizzle.h */,
				DAA505501CC6136200857E07 /* NSArray+Swizzle.m */,
			);
			path = Demo_1;
			sourceTree = "<group>";
		};
/* End PBXGroup section */

/* Begin PBXNativeTarget section */
		DAA505411CC612DC00857E07 /* Demo_1 */ = {
			isa = PBXNativeTarget;
			buildConfigurationList = DAA505491CC612DC00857E07 /* Build configuration list for PBXNativeTarget "Demo_1" */;
			buildPhases = (
				DAA5053E1CC612DC00857E07 /* Sources */,
				DAA5053F1CC612DC00857E07 /* Frameworks */,
				DAA505401CC612DC00857E07 /* CopyFiles */,
			);
			buildRules = (
			);
			dependencies = (
			);
			name = Demo_1;
			productName = Demo_1;
			productReference = DAA505421CC612DC00857E07 /* Demo_1 */;
			productType = "com.apple.product-type.tool";
		};
/* End PBXNativeTarget section */

/* Begin PBXProject section */
		DAA5053A1CC612DC00857E07 /* Project object */ = {
			isa = PBXProject;
			attributes = {
				LastUpgradeCheck = 0730;
				ORGANIZATIONNAME = LiuWeiZhen;
				TargetAttributes = {
					DAA505411CC612DC00857E07 = {
						CreatedOnToolsVersion = 7.3;
					};
				};
			};
			buildConfigurationList = DAA5053D1CC612DC00857E07 /* Build configuration list for PBXProject "Demo_1" */;
			compatibilityVersion = "Xcode 3.2";
			developmentRegion = English;
			hasScannedForEncodings = 0;
			knownRegions = (
				en,
			);
			mainGroup = DAA505391CC612DC00857E07;
			productRefGroup = DAA505431CC612DC00857E07 /* Products */;
			projectDirPath = "";
			projectRoot = "";
			targets = (
				DAA505411CC612DC00857E07 /* Demo_1 */,
			);
		};
/* End PBXProject section */

/* Begin PBXSourcesBuildPhase section */
		DAA5053E1CC612DC00857E07 /* Sources */ = {
			isa = PBXSourcesBuildPhase;
			buildActionMask = 2147483647;
			files = (
				DAA505461CC612DC00857E07 /* main.m in Sources */,
				DAA505511CC6136200857E07 /* NSArray+Swizzle.m in Sources */,
			);
			runOnlyForDeploymentPostprocessing = 0;
		};
/* End PBXSourcesBuildPhase section */

/* Begin XCBuildConfiguration section */
		DAA505471CC612DC00857E07 /* Debug */ = {
			isa = XCBuildConfiguration;
			buildSettings = {
				ALWAYS_SEARCH_USER_PATHS = NO;
				CLANG_ANALYZER_NONNULL = YES;
				CLANG_CXX_LANGUAGE_STANDARD = "gnu++0x";
				CLANG_CXX_LIBRARY = "libc++";
				CLANG_ENABLE_MODULES = YES;
				CLANG_ENABLE_OBJC_ARC = YES;
				CLANG_WARN_BOOL_CONVERSION = YES;
				CLANG_WARN_CONSTANT_CONVERSION = YES;
				CLANG_WARN_DIRECT_OBJC_ISA_USAGE = YES_ERROR;
				CLANG_WARN_EMPTY_BODY = YES;
				CLANG_WARN_ENUM_CONVERSION = YES;
				CLANG_WARN_INT_CONVERSION = YES;
				CLANG_WARN_OBJC_ROOT_CLASS = YES_ERROR;
				CLANG_WARN_UNREACHABLE_CODE = YES;
				CLANG_WARN__DUPLICATE_METHOD_MATCH = YES;
				CODE_SIGN_IDENTITY = "-";
				COPY_PHASE_STRIP = NO;
				DEBUG_INFORMATION_FORMAT = dwarf;
				ENABLE_STRICT_OBJC_MSGSEND = YES;
				ENABLE_TESTABILITY = YES;
				GCC_C_LANGUAGE_STANDARD = gnu99;
				GCC_DYNAMIC_NO_PIC = NO;
				GCC_NO_COMMON_BLOCKS = YES;
				GCC_OPTIMIZATION_LEVEL = 0;
				GCC_PREPROCESSOR_DEFINITIONS = (
					"DEBUG=1",
					"$(inherited)",
				);
				GCC_WARN_64_TO_32_BIT_CONVERSION = YES;
				GCC_WARN_ABOUT_RETURN_TYPE = YES_ERROR;
				GCC_WARN_UNDECLARED_SELECTOR = YES;
				GCC_WARN_UNINITIALIZED_AUTOS = YES_AGGRESSIVE;
				GCC_WARN_UNUSED_FUNCTION = YES;
				GCC_WARN_UNUSED_VARIABLE = YES;
				MACOSX_DEPLOYMENT_TARGET = 10.11;
				MTL_ENABLE_DEBUG_INFO = YES;
				ONLY_ACTIVE_ARCH = YES;
				SDKROOT = macosx;
			};
			name = Debug;
		};
		DAA505481CC612DC00857E07 /* Release */ = {
			isa = XCBuildConfiguration;
			buildSettings = {
				ALWAYS_SEARCH_USER_PATHS = NO;
				CLANG_ANALYZER_NONNULL = YES;
				CLANG_CXX_LANGUAGE_STANDARD = "gnu++0x";
				CLANG_CXX_LIBRARY = "libc++";
				CLANG_ENABLE_MODULES = YES;
				CLANG_ENABLE_OBJC_ARC = YES;
				CLANG_WARN_BOOL_CONVERSION = YES;
				CLANG_WARN_CONSTANT_CONVERSION = YES;
				CLANG_WARN_DIRECT_OBJC_ISA_USAGE = YES_ERROR;
				CLANG_WARN_EMPTY_BODY = YES;
				CLANG_WARN_ENUM_CONVERSION = YES;
				CLANG_WARN_INT_CONVERSION = YES;
				CLANG_WARN_OBJC_ROOT_CLASS = YES_ERROR;
				CLANG_WARN_UNREACHABLE_CODE = YES;
				CLANG_WARN__DUPLICATE_METHOD_MATCH = YES;
				CODE_SIGN_IDENTITY = "-";
				COPY_PHASE_STRIP = NO;
				DEBUG_INFORMATION_FORMAT = "dwarf-with-dsym";
				ENABLE_NS_ASSERTIONS = NO;
				ENABLE_STRICT_OBJC_MSGSEND = YES;
				GCC_C_LANGUAGE_STANDARD = gnu99;
				GCC_NO_COMMON_BLOCKS = YES;
				GCC_WARN_64_TO_32_BIT_CONVERSION = YES;
				GCC_WARN_ABOUT_RETURN_TYPE = YES_ERROR;
				GCC_WARN_UNDECLARED_SELECTOR = YES;
				GCC_WARN_UNINITIALIZED_AUTOS = YES_AGGRESSIVE;
				GCC_WARN_UNUSED_FUNCTION = YES;
				GCC_WARN_UNUSED_VARIABLE = YES;
				MACOSX_DEPLOYMENT_TARGET = 10.11;
				MTL_ENABLE_DEBUG_INFO = NO;
				SDKROOT = macosx;
			};
			name = Release;
		};
		DAA5054A1CC612DC00857E07 /* Debug */ = {
			isa = XCBuildConfiguration;
			buildSettings = {
				PRODUCT_NAME = "$(TARGET_NAME)";
			};
			name = Debug;
		};
		DAA5054B1CC612DC00857E07 /* Release */ = {
			isa = XCBuildConfiguration;
			buildSettings = {
				PRODUCT_NAME = "$(TARGET_NAME)";
			};
			name = Release;
		};
/* End XCBuildConfiguration section */

/* Begin XCConfigurationList section */
		DAA5053D1CC612DC00857E07 /* Build configuration list for PBXProject "Demo_1" */ = {
			isa = XCConfigurationList;
			buildConfigurations = (
				DAA505471CC612DC00857E07 /* Debug */,
				DAA505481CC612DC00857E07 /* Release */,
			);
			defaultConfigurationIsVisible = 0;
			defaultConfigurationName = Release;
		};
		DAA505491CC612DC00857E07 /* Build configuration list for PBXNativeTarget "Demo_1" */ = {
			isa = XCConfigurationList;
			buildConfigurations = (
				DAA5054A1CC612DC00857E07 /* Debug */,
				DAA5054B1CC612DC00857E07 /* Release */,
			);
			defaultConfigurationIsVisible = 0;
		};
/* End XCConfigurationList section */
	};
	rootObject = DAA5053A1CC612DC00857E07 /* Project object */;
}
