// !$*UTF8*$!
{
	archiveVersion = 1;
	classes = {
	};
	objectVersion = 48;
	objects = {

/* Begin PBXBuildFile section */
		DA81BC1C1FB985C40080AB54 /* main.m in Sources */ = {isa = PBXBuildFile; fileRef = DA81BC1B1FB985C40080AB54 /* main.m */; };
		DA81BC241FB986330080AB54 /* HttpProxy.m in Sources */ = {isa = PBXBuildFile; fileRef = DA81BC231FB986330080AB54 /* HttpProxy.m */; };
		DA81BC2B1FB98FE80080AB54 /* CommentHttpHandlerImp.m in Sources */ = {isa = PBXBuildFile; fileRef = DA81BC2A1FB98FE80080AB54 /* CommentHttpHandlerImp.m */; };
		DA81BC301FB990240080AB54 /* UserHttpHandlerImp.m in Sources */ = {isa = PBXBuildFile; fileRef = DA81BC2F1FB990240080AB54 /* UserHttpHandlerImp.m */; };
/* End PBXBuildFile section */

/* Begin PBXCopyFilesBuildPhase section */
		DA81BC161FB985C40080AB54 /* CopyFiles */ = {
			isa = PBXCopyFilesBuildPhase;
			buildActionMask = 2147483647;
			dstPath = /usr/share/man/man1/;
			dstSubfolderSpec = 0;
			files = (
			);
			runOnlyForDeploymentPostprocessing = 1;
		};
/* End PBXCopyFilesBuildPhase section */

/* Begin PBXFileReference section */
		DA81BC181FB985C40080AB54 /* NSProxyDemo_4_HttpProxy */ = {isa = PBXFileReference; explicitFileType = "compiled.mach-o.executable"; includeInIndex = 0; path = NSProxyDemo_4_HttpProxy; sourceTree = BUILT_PRODUCTS_DIR; };
		DA81BC1B1FB985C40080AB54 /* main.m */ = {isa = PBXFileReference; lastKnownFileType = sourcecode.c.objc; path = main.m; sourceTree = "<group>"; };
		DA81BC221FB986330080AB54 /* HttpProxy.h */ = {isa = PBXFileReference; lastKnownFileType = sourcecode.c.h; path = HttpProxy.h; sourceTree = "<group>"; };
		DA81BC231FB986330080AB54 /* HttpProxy.m */ = {isa = PBXFileReference; lastKnownFileType = sourcecode.c.objc; path = HttpProxy.m; sourceTree = "<group>"; };
		DA81BC261FB986CE0080AB54 /* UserHttpHandler.h */ = {isa = PBXFileReference; lastKnownFileType = sourcecode.c.h; path = UserHttpHandler.h; sourceTree = "<group>"; };
		DA81BC271FB986EB0080AB54 /* CommentHttpHandler.h */ = {isa = PBXFileReference; lastKnownFileType = sourcecode.c.h; path = CommentHttpHandler.h; sourceTree = "<group>"; };
		DA81BC291FB98FE80080AB54 /* CommentHttpHandlerImp.h */ = {isa = PBXFileReference; lastKnownFileType = sourcecode.c.h; path = CommentHttpHandlerImp.h; sourceTree = "<group>"; };
		DA81BC2A1FB98FE80080AB54 /* CommentHttpHandlerImp.m */ = {isa = PBXFileReference; lastKnownFileType = sourcecode.c.objc; path = CommentHttpHandlerImp.m; sourceTree = "<group>"; };
		DA81BC2E1FB990240080AB54 /* UserHttpHandlerImp.h */ = {isa = PBXFileReference; lastKnownFileType = sourcecode.c.h; path = UserHttpHandlerImp.h; sourceTree = "<group>"; };
		DA81BC2F1FB990240080AB54 /* UserHttpHandlerImp.m */ = {isa = PBXFileReference; lastKnownFileType = sourcecode.c.objc; path = UserHttpHandlerImp.m; sourceTree = "<group>"; };
/* End PBXFileReference section */

/* Begin PBXFrameworksBuildPhase section */
		DA81BC151FB985C40080AB54 /* Frameworks */ = {
			isa = PBXFrameworksBuildPhase;
			buildActionMask = 2147483647;
			files = (
			);
			runOnlyForDeploymentPostprocessing = 0;
		};
/* End PBXFrameworksBuildPhase section */

/* Begin PBXGroup section */
		DA81BC0F1FB985C40080AB54 = {
			isa = PBXGroup;
			children = (
				DA81BC1A1FB985C40080AB54 /* NSProxyDemo_4_HttpProxy */,
				DA81BC191FB985C40080AB54 /* Products */,
			);
			sourceTree = "<group>";
		};
		DA81BC191FB985C40080AB54 /* Products */ = {
			isa = PBXGroup;
			children = (
				DA81BC181FB985C40080AB54 /* NSProxyDemo_4_HttpProxy */,
			);
			name = Products;
			sourceTree = "<group>";
		};
		DA81BC1A1FB985C40080AB54 /* NSProxyDemo_4_HttpProxy */ = {
			isa = PBXGroup;
			children = (
				DA81BC1B1FB985C40080AB54 /* main.m */,
				DA81BC2D1FB98FF50080AB54 /* HttpProtocolImp */,
				DA81BC281FB986F20080AB54 /* HttpProtocol */,
				DA81BC251FB9863D0080AB54 /* HttpProxy */,
			);
			path = NSProxyDemo_4_HttpProxy;
			sourceTree = "<group>";
		};
		DA81BC251FB9863D0080AB54 /* HttpProxy */ = {
			isa = PBXGroup;
			children = (
				DA81BC221FB986330080AB54 /* HttpProxy.h */,
				DA81BC231FB986330080AB54 /* HttpProxy.m */,
			);
			path = HttpProxy;
			sourceTree = "<group>";
		};
		DA81BC281FB986F20080AB54 /* HttpProtocol */ = {
			isa = PBXGroup;
			children = (
				DA81BC261FB986CE0080AB54 /* UserHttpHandler.h */,
				DA81BC271FB986EB0080AB54 /* CommentHttpHandler.h */,
			);
			path = HttpProtocol;
			sourceTree = "<group>";
		};
		DA81BC2D1FB98FF50080AB54 /* HttpProtocolImp */ = {
			isa = PBXGroup;
			children = (
				DA81BC291FB98FE80080AB54 /* CommentHttpHandlerImp.h */,
				DA81BC2A1FB98FE80080AB54 /* CommentHttpHandlerImp.m */,
				DA81BC2E1FB990240080AB54 /* UserHttpHandlerImp.h */,
				DA81BC2F1FB990240080AB54 /* UserHttpHandlerImp.m */,
			);
			path = HttpProtocolImp;
			sourceTree = "<group>";
		};
/* End PBXGroup section */

/* Begin PBXNativeTarget section */
		DA81BC171FB985C40080AB54 /* NSProxyDemo_4_HttpProxy */ = {
			isa = PBXNativeTarget;
			buildConfigurationList = DA81BC1F1FB985C40080AB54 /* Build configuration list for PBXNativeTarget "NSProxyDemo_4_HttpProxy" */;
			buildPhases = (
				DA81BC141FB985C40080AB54 /* Sources */,
				DA81BC151FB985C40080AB54 /* Frameworks */,
				DA81BC161FB985C40080AB54 /* CopyFiles */,
			);
			buildRules = (
			);
			dependencies = (
			);
			name = NSProxyDemo_4_HttpProxy;
			productName = NSProxyDemo_4_HttpProxy;
			productReference = DA81BC181FB985C40080AB54 /* NSProxyDemo_4_HttpProxy */;
			productType = "com.apple.product-type.tool";
		};
/* End PBXNativeTarget section */

/* Begin PBXProject section */
		DA81BC101FB985C40080AB54 /* Project object */ = {
			isa = PBXProject;
			attributes = {
				LastUpgradeCheck = 0900;
				ORGANIZATIONNAME = "liuxing8807@126.com";
				TargetAttributes = {
					DA81BC171FB985C40080AB54 = {
						CreatedOnToolsVersion = 9.0;
						ProvisioningStyle = Automatic;
					};
				};
			};
			buildConfigurationList = DA81BC131FB985C40080AB54 /* Build configuration list for PBXProject "NSProxyDemo_4_HttpProxy" */;
			compatibilityVersion = "Xcode 8.0";
			developmentRegion = en;
			hasScannedForEncodings = 0;
			knownRegions = (
				en,
			);
			mainGroup = DA81BC0F1FB985C40080AB54;
			productRefGroup = DA81BC191FB985C40080AB54 /* Products */;
			projectDirPath = "";
			projectRoot = "";
			targets = (
				DA81BC171FB985C40080AB54 /* NSProxyDemo_4_HttpProxy */,
			);
		};
/* End PBXProject section */

/* Begin PBXSourcesBuildPhase section */
		DA81BC141FB985C40080AB54 /* Sources */ = {
			isa = PBXSourcesBuildPhase;
			buildActionMask = 2147483647;
			files = (
				DA81BC241FB986330080AB54 /* HttpProxy.m in Sources */,
				DA81BC1C1FB985C40080AB54 /* main.m in Sources */,
				DA81BC301FB990240080AB54 /* UserHttpHandlerImp.m in Sources */,
				DA81BC2B1FB98FE80080AB54 /* CommentHttpHandlerImp.m in Sources */,
			);
			runOnlyForDeploymentPostprocessing = 0;
		};
/* End PBXSourcesBuildPhase section */

/* Begin XCBuildConfiguration section */
		DA81BC1D1FB985C40080AB54 /* Debug */ = {
			isa = XCBuildConfiguration;
			buildSettings = {
				ALWAYS_SEARCH_USER_PATHS = NO;
				CLANG_ANALYZER_NONNULL = YES;
				CLANG_ANALYZER_NUMBER_OBJECT_CONVERSION = YES_AGGRESSIVE;
				CLANG_CXX_LANGUAGE_STANDARD = "gnu++14";
				CLANG_CXX_LIBRARY = "libc++";
				CLANG_ENABLE_MODULES = YES;
				CLANG_ENABLE_OBJC_ARC = YES;
				CLANG_WARN_BLOCK_CAPTURE_AUTORELEASING = YES;
				CLANG_WARN_BOOL_CONVERSION = YES;
				CLANG_WARN_COMMA = YES;
				CLANG_WARN_CONSTANT_CONVERSION = YES;
				CLANG_WARN_DIRECT_OBJC_ISA_USAGE = YES_ERROR;
				CLANG_WARN_DOCUMENTATION_COMMENTS = YES;
				CLANG_WARN_EMPTY_BODY = YES;
				CLANG_WARN_ENUM_CONVERSION = YES;
				CLANG_WARN_INFINITE_RECURSION = YES;
				CLANG_WARN_INT_CONVERSION = YES;
				CLANG_WARN_NON_LITERAL_NULL_CONVERSION = YES;
				CLANG_WARN_OBJC_LITERAL_CONVERSION = YES;
				CLANG_WARN_OBJC_ROOT_CLASS = YES_ERROR;
				CLANG_WARN_RANGE_LOOP_ANALYSIS = YES;
				CLANG_WARN_STRICT_PROTOTYPES = YES;
				CLANG_WARN_SUSPICIOUS_MOVE = YES;
				CLANG_WARN_UNGUARDED_AVAILABILITY = YES_AGGRESSIVE;
				CLANG_WARN_UNREACHABLE_CODE = YES;
				CLANG_WARN__DUPLICATE_METHOD_MATCH = YES;
				CODE_SIGN_IDENTITY = "-";
				COPY_PHASE_STRIP = NO;
				DEBUG_INFORMATION_FORMAT = dwarf;
				ENABLE_STRICT_OBJC_MSGSEND = YES;
				ENABLE_TESTABILITY = YES;
				GCC_C_LANGUAGE_STANDARD = gnu11;
				GCC_DYNAMIC_NO_PIC = NO;
				GCC_NO_COMMON_BLOCKS = YES;
				GCC_OPTIMIZATION_LEVEL = 0;
				GCC_PREPROCESSOR_DEFINITIONS = (
					"DEBUG=1",
					"$(inherited)",
				);
				GCC_WARN_64_TO_32_BIT_CONVERSION = YES;
				GCC_WARN_ABOUT_RETURN_TYPE = YES_ERROR;
				GCC_WARN_UNDECLARED_SELECTOR = YES;
				GCC_WARN_UNINITIALIZED_AUTOS = YES_AGGRESSIVE;
				GCC_WARN_UNUSED_FUNCTION = YES;
				GCC_WARN_UNUSED_VARIABLE = YES;
				MACOSX_DEPLOYMENT_TARGET = 10.12;
				MTL_ENABLE_DEBUG_INFO = YES;
				ONLY_ACTIVE_ARCH = YES;
				SDKROOT = macosx;
			};
			name = Debug;
		};
		DA81BC1E1FB985C40080AB54 /* Release */ = {
			isa = XCBuildConfiguration;
			buildSettings = {
				ALWAYS_SEARCH_USER_PATHS = NO;
				CLANG_ANALYZER_NONNULL = YES;
				CLANG_ANALYZER_NUMBER_OBJECT_CONVERSION = YES_AGGRESSIVE;
				CLANG_CXX_LANGUAGE_STANDARD = "gnu++14";
				CLANG_CXX_LIBRARY = "libc++";
				CLANG_ENABLE_MODULES = YES;
				CLANG_ENABLE_OBJC_ARC = YES;
				CLANG_WARN_BLOCK_CAPTURE_AUTORELEASING = YES;
				CLANG_WARN_BOOL_CONVERSION = YES;
				CLANG_WARN_COMMA = YES;
				CLANG_WARN_CONSTANT_CONVERSION = YES;
				CLANG_WARN_DIRECT_OBJC_ISA_USAGE = YES_ERROR;
				CLANG_WARN_DOCUMENTATION_COMMENTS = YES;
				CLANG_WARN_EMPTY_BODY = YES;
				CLANG_WARN_ENUM_CONVERSION = YES;
				CLANG_WARN_INFINITE_RECURSION = YES;
				CLANG_WARN_INT_CONVERSION = YES;
				CLANG_WARN_NON_LITERAL_NULL_CONVERSION = YES;
				CLANG_WARN_OBJC_LITERAL_CONVERSION = YES;
				CLANG_WARN_OBJC_ROOT_CLASS = YES_ERROR;
				CLANG_WARN_RANGE_LOOP_ANALYSIS = YES;
				CLANG_WARN_STRICT_PROTOTYPES = YES;
				CLANG_WARN_SUSPICIOUS_MOVE = YES;
				CLANG_WARN_UNGUARDED_AVAILABILITY = YES_AGGRESSIVE;
				CLANG_WARN_UNREACHABLE_CODE = YES;
				CLANG_WARN__DUPLICATE_METHOD_MATCH = YES;
				CODE_SIGN_IDENTITY = "-";
				COPY_PHASE_STRIP = NO;
				DEBUG_INFORMATION_FORMAT = "dwarf-with-dsym";
				ENABLE_NS_ASSERTIONS = NO;
				ENABLE_STRICT_OBJC_MSGSEND = YES;
				GCC_C_LANGUAGE_STANDARD = gnu11;
				GCC_NO_COMMON_BLOCKS = YES;
				GCC_WARN_64_TO_32_BIT_CONVERSION = YES;
				GCC_WARN_ABOUT_RETURN_TYPE = YES_ERROR;
				GCC_WARN_UNDECLARED_SELECTOR = YES;
				GCC_WARN_UNINITIALIZED_AUTOS = YES_AGGRESSIVE;
				GCC_WARN_UNUSED_FUNCTION = YES;
				GCC_WARN_UNUSED_VARIABLE = YES;
				MACOSX_DEPLOYMENT_TARGET = 10.12;
				MTL_ENABLE_DEBUG_INFO = NO;
				SDKROOT = macosx;
			};
			name = Release;
		};
		DA81BC201FB985C40080AB54 /* Debug */ = {
			isa = XCBuildConfiguration;
			buildSettings = {
				CODE_SIGN_STYLE = Automatic;
				PRODUCT_NAME = "$(TARGET_NAME)";
			};
			name = Debug;
		};
		DA81BC211FB985C40080AB54 /* Release */ = {
			isa = XCBuildConfiguration;
			buildSettings = {
				CODE_SIGN_STYLE = Automatic;
				PRODUCT_NAME = "$(TARGET_NAME)";
			};
			name = Release;
		};
/* End XCBuildConfiguration section */

/* Begin XCConfigurationList section */
		DA81BC131FB985C40080AB54 /* Build configuration list for PBXProject "NSProxyDemo_4_HttpProxy" */ = {
			isa = XCConfigurationList;
			buildConfigurations = (
				DA81BC1D1FB985C40080AB54 /* Debug */,
				DA81BC1E1FB985C40080AB54 /* Release */,
			);
			defaultConfigurationIsVisible = 0;
			defaultConfigurationName = Release;
		};
		DA81BC1F1FB985C40080AB54 /* Build configuration list for PBXNativeTarget "NSProxyDemo_4_HttpProxy" */ = {
			isa = XCConfigurationList;
			buildConfigurations = (
				DA81BC201FB985C40080AB54 /* Debug */,
				DA81BC211FB985C40080AB54 /* Release */,
			);
			defaultConfigurationIsVisible = 0;
			defaultConfigurationName = Release;
		};
/* End XCConfigurationList section */
	};
	rootObject = DA81BC101FB985C40080AB54 /* Project object */;
}
